
Microsoft Visual Studio Solution File, Format Version 12.00
# Visual Studio 2013
VisualStudioVersion = 12.0.31101.0
MinimumVisualStudioVersion = 10.0.40219.1
Project("{8BC9CEB8-8B4A-11D0-8D11-00A0C91BC942}") = "MouseTrap", "MouseTrap\MouseTrap.vcxproj", "{39FE349F-E9E0-4279-9258-D3E0BF121A6B}"
EndProject
Project("{8BC9CEB8-8B4A-11D0-8D11-00A0C91BC942}") = "MouseTrap Package", "MouseTrap Package\MouseTrap Package.vcxproj", "{E33DC300-57CB-4494-B2FE-80A29D6830AC}"
	ProjectSection(ProjectDependencies) = postProject
		{39FE349F-E9E0-4279-9258-D3E0BF121A6B} = {39FE349F-E9E0-4279-9258-D3E0BF121A6B}
	EndProjectSection
EndProject
Project("{8BC9CEB8-8B4A-11D0-8D11-00A0C91BC942}") = "MouseTrapInstaller", "MouseTrapInstaller\MouseTrapInstaller.vcxproj", "{151E645B-ECF9-40AB-9422-3669ECDC80B8}"
EndProject
Project("{930C7802-8A8C-48F9-8165-68863BCCD9DD}") = "MouseTrapSetup", "MouseTrapSetup\MouseTrapSetup.wixproj", "{2BC755F4-535C-4E34-8386-C00F304FBFA4}"
	ProjectSection(ProjectDependencies) = postProject
		{E33DC300-57CB-4494-B2FE-80A29D6830AC} = {E33DC300-57CB-4494-B2FE-80A29D6830AC}
	EndProjectSection
EndProject
Global
	GlobalSection(SolutionConfigurationPlatforms) = preSolution
		Win7Debug|Mixed Platforms = Win7Debug|Mixed Platforms
		Win7Debug|Win32 = Win7Debug|Win32
		Win7Debug|x64 = Win7Debug|x64
		Win7Debug|x86 = Win7Debug|x86
		Win7Release|Mixed Platforms = Win7Release|Mixed Platforms
		Win7Release|Win32 = Win7Release|Win32
		Win7Release|x64 = Win7Release|x64
		Win7Release|x86 = Win7Release|x86
		Win8.1Debug|Mixed Platforms = Win8.1Debug|Mixed Platforms
		Win8.1Debug|Win32 = Win8.1Debug|Win32
		Win8.1Debug|x64 = Win8.1Debug|x64
		Win8.1Debug|x86 = Win8.1Debug|x86
		Win8.1Release|Mixed Platforms = Win8.1Release|Mixed Platforms
		Win8.1Release|Win32 = Win8.1Release|Win32
		Win8.1Release|x64 = Win8.1Release|x64
		Win8.1Release|x86 = Win8.1Release|x86
		Win8Debug|Mixed Platforms = Win8Debug|Mixed Platforms
		Win8Debug|Win32 = Win8Debug|Win32
		Win8Debug|x64 = Win8Debug|x64
		Win8Debug|x86 = Win8Debug|x86
		Win8Release|Mixed Platforms = Win8Release|Mixed Platforms
		Win8Release|Win32 = Win8Release|Win32
		Win8Release|x64 = Win8Release|x64
		Win8Release|x86 = Win8Release|x86
	EndGlobalSection
	GlobalSection(ProjectConfigurationPlatforms) = postSolution
		{39FE349F-E9E0-4279-9258-D3E0BF121A6B}.Win7Debug|Mixed Platforms.ActiveCfg = Win7Debug|Win32
		{39FE349F-E9E0-4279-9258-D3E0BF121A6B}.Win7Debug|Mixed Platforms.Build.0 = Win7Debug|Win32
		{39FE349F-E9E0-4279-9258-D3E0BF121A6B}.Win7Debug|Mixed Platforms.Deploy.0 = Win7Debug|Win32
		{39FE349F-E9E0-4279-9258-D3E0BF121A6B}.Win7Debug|Win32.ActiveCfg = Win7Debug|Win32
		{39FE349F-E9E0-4279-9258-D3E0BF121A6B}.Win7Debug|Win32.Build.0 = Win7Debug|Win32
		{39FE349F-E9E0-4279-9258-D3E0BF121A6B}.Win7Debug|Win32.Deploy.0 = Win7Debug|Win32
		{39FE349F-E9E0-4279-9258-D3E0BF121A6B}.Win7Debug|x64.ActiveCfg = Win7Debug|x64
		{39FE349F-E9E0-4279-9258-D3E0BF121A6B}.Win7Debug|x64.Build.0 = Win7Debug|x64
		{39FE349F-E9E0-4279-9258-D3E0BF121A6B}.Win7Debug|x64.Deploy.0 = Win7Debug|x64
		{39FE349F-E9E0-4279-9258-D3E0BF121A6B}.Win7Debug|x86.ActiveCfg = Win7Debug|Win32
		{39FE349F-E9E0-4279-9258-D3E0BF121A6B}.Win7Debug|x86.Build.0 = Win7Debug|Win32
		{39FE349F-E9E0-4279-9258-D3E0BF121A6B}.Win7Debug|x86.Deploy.0 = Win7Debug|Win32
		{39FE349F-E9E0-4279-9258-D3E0BF121A6B}.Win7Release|Mixed Platforms.ActiveCfg = Win7Release|Win32
		{39FE349F-E9E0-4279-9258-D3E0BF121A6B}.Win7Release|Mixed Platforms.Build.0 = Win7Release|Win32
		{39FE349F-E9E0-4279-9258-D3E0BF121A6B}.Win7Release|Mixed Platforms.Deploy.0 = Win7Release|Win32
		{39FE349F-E9E0-4279-9258-D3E0BF121A6B}.Win7Release|Win32.ActiveCfg = Win7Release|Win32
		{39FE349F-E9E0-4279-9258-D3E0BF121A6B}.Win7Release|Win32.Build.0 = Win7Release|Win32
		{39FE349F-E9E0-4279-9258-D3E0BF121A6B}.Win7Release|Win32.Deploy.0 = Win7Release|Win32
		{39FE349F-E9E0-4279-9258-D3E0BF121A6B}.Win7Release|x64.ActiveCfg = Win7Release|x64
		{39FE349F-E9E0-4279-9258-D3E0BF121A6B}.Win7Release|x64.Build.0 = Win7Release|x64
		{39FE349F-E9E0-4279-9258-D3E0BF121A6B}.Win7Release|x64.Deploy.0 = Win7Release|x64
		{39FE349F-E9E0-4279-9258-D3E0BF121A6B}.Win7Release|x86.ActiveCfg = Win7Release|Win32
		{39FE349F-E9E0-4279-9258-D3E0BF121A6B}.Win7Release|x86.Build.0 = Win7Release|Win32
		{39FE349F-E9E0-4279-9258-D3E0BF121A6B}.Win7Release|x86.Deploy.0 = Win7Release|Win32
		{39FE349F-E9E0-4279-9258-D3E0BF121A6B}.Win8.1Debug|Mixed Platforms.ActiveCfg = Win8.1Debug|Win32
		{39FE349F-E9E0-4279-9258-D3E0BF121A6B}.Win8.1Debug|Mixed Platforms.Build.0 = Win8.1Debug|Win32
		{39FE349F-E9E0-4279-9258-D3E0BF121A6B}.Win8.1Debug|Mixed Platforms.Deploy.0 = Win8.1Debug|Win32
		{39FE349F-E9E0-4279-9258-D3E0BF121A6B}.Win8.1Debug|Win32.ActiveCfg = Win8.1Debug|Win32
		{39FE349F-E9E0-4279-9258-D3E0BF121A6B}.Win8.1Debug|Win32.Build.0 = Win8.1Debug|Win32
		{39FE349F-E9E0-4279-9258-D3E0BF121A6B}.Win8.1Debug|Win32.Deploy.0 = Win8.1Debug|Win32
		{39FE349F-E9E0-4279-9258-D3E0BF121A6B}.Win8.1Debug|x64.ActiveCfg = Win8.1Debug|x64
		{39FE349F-E9E0-4279-9258-D3E0BF121A6B}.Win8.1Debug|x64.Build.0 = Win8.1Debug|x64
		{39FE349F-E9E0-4279-9258-D3E0BF121A6B}.Win8.1Debug|x86.ActiveCfg = Win8.1Debug|Win32
		{39FE349F-E9E0-4279-9258-D3E0BF121A6B}.Win8.1Debug|x86.Build.0 = Win8.1Debug|Win32
		{39FE349F-E9E0-4279-9258-D3E0BF121A6B}.Win8.1Debug|x86.Deploy.0 = Win8.1Debug|Win32
		{39FE349F-E9E0-4279-9258-D3E0BF121A6B}.Win8.1Release|Mixed Platforms.ActiveCfg = Win8.1Release|Win32
		{39FE349F-E9E0-4279-9258-D3E0BF121A6B}.Win8.1Release|Mixed Platforms.Build.0 = Win8.1Release|Win32
		{39FE349F-E9E0-4279-9258-D3E0BF121A6B}.Win8.1Release|Mixed Platforms.Deploy.0 = Win8.1Release|Win32
		{39FE349F-E9E0-4279-9258-D3E0BF121A6B}.Win8.1Release|Win32.ActiveCfg = Win8.1Release|Win32
		{39FE349F-E9E0-4279-9258-D3E0BF121A6B}.Win8.1Release|Win32.Build.0 = Win8.1Release|Win32
		{39FE349F-E9E0-4279-9258-D3E0BF121A6B}.Win8.1Release|Win32.Deploy.0 = Win8.1Release|Win32
		{39FE349F-E9E0-4279-9258-D3E0BF121A6B}.Win8.1Release|x64.ActiveCfg = Win8.1Release|x64
		{39FE349F-E9E0-4279-9258-D3E0BF121A6B}.Win8.1Release|x64.Build.0 = Win8.1Release|x64
		{39FE349F-E9E0-4279-9258-D3E0BF121A6B}.Win8.1Release|x86.ActiveCfg = Win8.1Release|Win32
		{39FE349F-E9E0-4279-9258-D3E0BF121A6B}.Win8.1Release|x86.Build.0 = Win8.1Release|Win32
		{39FE349F-E9E0-4279-9258-D3E0BF121A6B}.Win8.1Release|x86.Deploy.0 = Win8.1Release|Win32
		{39FE349F-E9E0-4279-9258-D3E0BF121A6B}.Win8Debug|Mixed Platforms.ActiveCfg = Win8Debug|Win32
		{39FE349F-E9E0-4279-9258-D3E0BF121A6B}.Win8Debug|Mixed Platforms.Build.0 = Win8Debug|Win32
		{39FE349F-E9E0-4279-9258-D3E0BF121A6B}.Win8Debug|Mixed Platforms.Deploy.0 = Win8Debug|Win32
		{39FE349F-E9E0-4279-9258-D3E0BF121A6B}.Win8Debug|Win32.ActiveCfg = Win8Debug|Win32
		{39FE349F-E9E0-4279-9258-D3E0BF121A6B}.Win8Debug|Win32.Build.0 = Win8Debug|Win32
		{39FE349F-E9E0-4279-9258-D3E0BF121A6B}.Win8Debug|Win32.Deploy.0 = Win8Debug|Win32
		{39FE349F-E9E0-4279-9258-D3E0BF121A6B}.Win8Debug|x64.ActiveCfg = Win8Debug|x64
		{39FE349F-E9E0-4279-9258-D3E0BF121A6B}.Win8Debug|x64.Build.0 = Win8Debug|x64
		{39FE349F-E9E0-4279-9258-D3E0BF121A6B}.Win8Debug|x64.Deploy.0 = Win8Debug|x64
		{39FE349F-E9E0-4279-9258-D3E0BF121A6B}.Win8Debug|x86.ActiveCfg = Win8Debug|Win32
		{39FE349F-E9E0-4279-9258-D3E0BF121A6B}.Win8Debug|x86.Build.0 = Win8Debug|Win32
		{39FE349F-E9E0-4279-9258-D3E0BF121A6B}.Win8Debug|x86.Deploy.0 = Win8Debug|Win32
		{39FE349F-E9E0-4279-9258-D3E0BF121A6B}.Win8Release|Mixed Platforms.ActiveCfg = Win8Release|Win32
		{39FE349F-E9E0-4279-9258-D3E0BF121A6B}.Win8Release|Mixed Platforms.Build.0 = Win8Release|Win32
		{39FE349F-E9E0-4279-9258-D3E0BF121A6B}.Win8Release|Mixed Platforms.Deploy.0 = Win8Release|Win32
		{39FE349F-E9E0-4279-9258-D3E0BF121A6B}.Win8Release|Win32.ActiveCfg = Win8Release|Win32
		{39FE349F-E9E0-4279-9258-D3E0BF121A6B}.Win8Release|Win32.Build.0 = Win8Release|Win32
		{39FE349F-E9E0-4279-9258-D3E0BF121A6B}.Win8Release|Win32.Deploy.0 = Win8Release|Win32
		{39FE349F-E9E0-4279-9258-D3E0BF121A6B}.Win8Release|x64.ActiveCfg = Win8Release|x64
		{39FE349F-E9E0-4279-9258-D3E0BF121A6B}.Win8Release|x64.Build.0 = Win8Release|x64
		{39FE349F-E9E0-4279-9258-D3E0BF121A6B}.Win8Release|x64.Deploy.0 = Win8Release|x64
		{39FE349F-E9E0-4279-9258-D3E0BF121A6B}.Win8Release|x86.ActiveCfg = Win8Release|Win32
		{39FE349F-E9E0-4279-9258-D3E0BF121A6B}.Win8Release|x86.Build.0 = Win8Release|Win32
		{39FE349F-E9E0-4279-9258-D3E0BF121A6B}.Win8Release|x86.Deploy.0 = Win8Release|Win32
		{E33DC300-57CB-4494-B2FE-80A29D6830AC}.Win7Debug|Mixed Platforms.ActiveCfg = Win7Debug|Win32
		{E33DC300-57CB-4494-B2FE-80A29D6830AC}.Win7Debug|Mixed Platforms.Build.0 = Win7Debug|Win32
		{E33DC300-57CB-4494-B2FE-80A29D6830AC}.Win7Debug|Mixed Platforms.Deploy.0 = Win7Debug|Win32
		{E33DC300-57CB-4494-B2FE-80A29D6830AC}.Win7Debug|Win32.ActiveCfg = Win7Debug|Win32
		{E33DC300-57CB-4494-B2FE-80A29D6830AC}.Win7Debug|Win32.Build.0 = Win7Debug|Win32
		{E33DC300-57CB-4494-B2FE-80A29D6830AC}.Win7Debug|Win32.Deploy.0 = Win7Debug|Win32
		{E33DC300-57CB-4494-B2FE-80A29D6830AC}.Win7Debug|x64.ActiveCfg = Win7Debug|x64
		{E33DC300-57CB-4494-B2FE-80A29D6830AC}.Win7Debug|x64.Build.0 = Win7Debug|x64
		{E33DC300-57CB-4494-B2FE-80A29D6830AC}.Win7Debug|x64.Deploy.0 = Win7Debug|x64
		{E33DC300-57CB-4494-B2FE-80A29D6830AC}.Win7Debug|x86.ActiveCfg = Win7Debug|Win32
		{E33DC300-57CB-4494-B2FE-80A29D6830AC}.Win7Debug|x86.Build.0 = Win7Debug|Win32
		{E33DC300-57CB-4494-B2FE-80A29D6830AC}.Win7Debug|x86.Deploy.0 = Win7Debug|Win32
		{E33DC300-57CB-4494-B2FE-80A29D6830AC}.Win7Release|Mixed Platforms.ActiveCfg = Win7Release|Win32
		{E33DC300-57CB-4494-B2FE-80A29D6830AC}.Win7Release|Mixed Platforms.Build.0 = Win7Release|Win32
		{E33DC300-57CB-4494-B2FE-80A29D6830AC}.Win7Release|Mixed Platforms.Deploy.0 = Win7Release|Win32
		{E33DC300-57CB-4494-B2FE-80A29D6830AC}.Win7Release|Win32.ActiveCfg = Win7Release|Win32
		{E33DC300-57CB-4494-B2FE-80A29D6830AC}.Win7Release|Win32.Build.0 = Win7Release|Win32
		{E33DC300-57CB-4494-B2FE-80A29D6830AC}.Win7Release|Win32.Deploy.0 = Win7Release|Win32
		{E33DC300-57CB-4494-B2FE-80A29D6830AC}.Win7Release|x64.ActiveCfg = Win7Release|x64
		{E33DC300-57CB-4494-B2FE-80A29D6830AC}.Win7Release|x64.Build.0 = Win7Release|x64
		{E33DC300-57CB-4494-B2FE-80A29D6830AC}.Win7Release|x64.Deploy.0 = Win7Release|x64
		{E33DC300-57CB-4494-B2FE-80A29D6830AC}.Win7Release|x86.ActiveCfg = Win7Release|Win32
		{E33DC300-57CB-4494-B2FE-80A29D6830AC}.Win7Release|x86.Build.0 = Win7Release|Win32
		{E33DC300-57CB-4494-B2FE-80A29D6830AC}.Win7Release|x86.Deploy.0 = Win7Release|Win32
		{E33DC300-57CB-4494-B2FE-80A29D6830AC}.Win8.1Debug|Mixed Platforms.ActiveCfg = Win8.1Debug|Win32
		{E33DC300-57CB-4494-B2FE-80A29D6830AC}.Win8.1Debug|Mixed Platforms.Build.0 = Win8.1Debug|Win32
		{E33DC300-57CB-4494-B2FE-80A29D6830AC}.Win8.1Debug|Mixed Platforms.Deploy.0 = Win8.1Debug|Win32
		{E33DC300-57CB-4494-B2FE-80A29D6830AC}.Win8.1Debug|Win32.ActiveCfg = Win8.1Debug|Win32
		{E33DC300-57CB-4494-B2FE-80A29D6830AC}.Win8.1Debug|Win32.Build.0 = Win8.1Debug|Win32
		{E33DC300-57CB-4494-B2FE-80A29D6830AC}.Win8.1Debug|Win32.Deploy.0 = Win8.1Debug|Win32
		{E33DC300-57CB-4494-B2FE-80A29D6830AC}.Win8.1Debug|x64.ActiveCfg = Win8.1Debug|x64
		{E33DC300-57CB-4494-B2FE-80A29D6830AC}.Win8.1Debug|x64.Build.0 = Win8.1Debug|x64
		{E33DC300-57CB-4494-B2FE-80A29D6830AC}.Win8.1Debug|x64.Deploy.0 = Win8.1Debug|x64
		{E33DC300-57CB-4494-B2FE-80A29D6830AC}.Win8.1Debug|x86.ActiveCfg = Win8.1Debug|Win32
		{E33DC300-57CB-4494-B2FE-80A29D6830AC}.Win8.1Debug|x86.Build.0 = Win8.1Debug|Win32
		{E33DC300-57CB-4494-B2FE-80A29D6830AC}.Win8.1Debug|x86.Deploy.0 = Win8.1Debug|Win32
		{E33DC300-57CB-4494-B2FE-80A29D6830AC}.Win8.1Release|Mixed Platforms.ActiveCfg = Win8.1Release|Win32
		{E33DC300-57CB-4494-B2FE-80A29D6830AC}.Win8.1Release|Mixed Platforms.Build.0 = Win8.1Release|Win32
		{E33DC300-57CB-4494-B2FE-80A29D6830AC}.Win8.1Release|Mixed Platforms.Deploy.0 = Win8.1Release|Win32
		{E33DC300-57CB-4494-B2FE-80A29D6830AC}.Win8.1Release|Win32.ActiveCfg = Win8.1Release|Win32
		{E33DC300-57CB-4494-B2FE-80A29D6830AC}.Win8.1Release|Win32.Build.0 = Win8.1Release|Win32
		{E33DC300-57CB-4494-B2FE-80A29D6830AC}.Win8.1Release|Win32.Deploy.0 = Win8.1Release|Win32
		{E33DC300-57CB-4494-B2FE-80A29D6830AC}.Win8.1Release|x64.ActiveCfg = Win8.1Release|x64
		{E33DC300-57CB-4494-B2FE-80A29D6830AC}.Win8.1Release|x64.Build.0 = Win8.1Release|x64
		{E33DC300-57CB-4494-B2FE-80A29D6830AC}.Win8.1Release|x64.Deploy.0 = Win8.1Release|x64
		{E33DC300-57CB-4494-B2FE-80A29D6830AC}.Win8.1Release|x86.ActiveCfg = Win8.1Release|Win32
		{E33DC300-57CB-4494-B2FE-80A29D6830AC}.Win8.1Release|x86.Build.0 = Win8.1Release|Win32
		{E33DC300-57CB-4494-B2FE-80A29D6830AC}.Win8.1Release|x86.Deploy.0 = Win8.1Release|Win32
		{E33DC300-57CB-4494-B2FE-80A29D6830AC}.Win8Debug|Mixed Platforms.ActiveCfg = Win8Debug|Win32
		{E33DC300-57CB-4494-B2FE-80A29D6830AC}.Win8Debug|Mixed Platforms.Build.0 = Win8Debug|Win32
		{E33DC300-57CB-4494-B2FE-80A29D6830AC}.Win8Debug|Mixed Platforms.Deploy.0 = Win8Debug|Win32
		{E33DC300-57CB-4494-B2FE-80A29D6830AC}.Win8Debug|Win32.ActiveCfg = Win8Debug|Win32
		{E33DC300-57CB-4494-B2FE-80A29D6830AC}.Win8Debug|Win32.Build.0 = Win8Debug|Win32
		{E33DC300-57CB-4494-B2FE-80A29D6830AC}.Win8Debug|Win32.Deploy.0 = Win8Debug|Win32
		{E33DC300-57CB-4494-B2FE-80A29D6830AC}.Win8Debug|x64.ActiveCfg = Win8Debug|x64
		{E33DC300-57CB-4494-B2FE-80A29D6830AC}.Win8Debug|x64.Build.0 = Win8Debug|x64
		{E33DC300-57CB-4494-B2FE-80A29D6830AC}.Win8Debug|x64.Deploy.0 = Win8Debug|x64
		{E33DC300-57CB-4494-B2FE-80A29D6830AC}.Win8Debug|x86.ActiveCfg = Win8Debug|Win32
		{E33DC300-57CB-4494-B2FE-80A29D6830AC}.Win8Debug|x86.Build.0 = Win8Debug|Win32
		{E33DC300-57CB-4494-B2FE-80A29D6830AC}.Win8Debug|x86.Deploy.0 = Win8Debug|Win32
		{E33DC300-57CB-4494-B2FE-80A29D6830AC}.Win8Release|Mixed Platforms.ActiveCfg = Win8Release|Win32
		{E33DC300-57CB-4494-B2FE-80A29D6830AC}.Win8Release|Mixed Platforms.Build.0 = Win8Release|Win32
		{E33DC300-57CB-4494-B2FE-80A29D6830AC}.Win8Release|Mixed Platforms.Deploy.0 = Win8Release|Win32
		{E33DC300-57CB-4494-B2FE-80A29D6830AC}.Win8Release|Win32.ActiveCfg = Win8Release|Win32
		{E33DC300-57CB-4494-B2FE-80A29D6830AC}.Win8Release|Win32.Build.0 = Win8Release|Win32
		{E33DC300-57CB-4494-B2FE-80A29D6830AC}.Win8Release|Win32.Deploy.0 = Win8Release|Win32
		{E33DC300-57CB-4494-B2FE-80A29D6830AC}.Win8Release|x64.ActiveCfg = Win8Release|x64
		{E33DC300-57CB-4494-B2FE-80A29D6830AC}.Win8Release|x64.Build.0 = Win8Release|x64
		{E33DC300-57CB-4494-B2FE-80A29D6830AC}.Win8Release|x64.Deploy.0 = Win8Release|x64
		{E33DC300-57CB-4494-B2FE-80A29D6830AC}.Win8Release|x86.ActiveCfg = Win8Release|Win32
		{E33DC300-57CB-4494-B2FE-80A29D6830AC}.Win8Release|x86.Build.0 = Win8Release|Win32
		{E33DC300-57CB-4494-B2FE-80A29D6830AC}.Win8Release|x86.Deploy.0 = Win8Release|Win32
		{151E645B-ECF9-40AB-9422-3669ECDC80B8}.Win7Debug|Mixed Platforms.ActiveCfg = Win7Debug|Win32
		{151E645B-ECF9-40AB-9422-3669ECDC80B8}.Win7Debug|Mixed Platforms.Build.0 = Win7Debug|Win32
		{151E645B-ECF9-40AB-9422-3669ECDC80B8}.Win7Debug|Mixed Platforms.Deploy.0 = Win7Debug|Win32
		{151E645B-ECF9-40AB-9422-3669ECDC80B8}.Win7Debug|Win32.ActiveCfg = Win7Debug|Win32
		{151E645B-ECF9-40AB-9422-3669ECDC80B8}.Win7Debug|Win32.Build.0 = Win7Debug|Win32
		{151E645B-ECF9-40AB-9422-3669ECDC80B8}.Win7Debug|Win32.Deploy.0 = Win7Debug|Win32
		{151E645B-ECF9-40AB-9422-3669ECDC80B8}.Win7Debug|x64.ActiveCfg = Win7Debug|x64
		{151E645B-ECF9-40AB-9422-3669ECDC80B8}.Win7Debug|x64.Build.0 = Win7Debug|x64
		{151E645B-ECF9-40AB-9422-3669ECDC80B8}.Win7Debug|x64.Deploy.0 = Win7Debug|x64
		{151E645B-ECF9-40AB-9422-3669ECDC80B8}.Win7Debug|x86.ActiveCfg = Win7Debug|Win32
		{151E645B-ECF9-40AB-9422-3669ECDC80B8}.Win7Debug|x86.Build.0 = Win7Debug|Win32
		{151E645B-ECF9-40AB-9422-3669ECDC80B8}.Win7Debug|x86.Deploy.0 = Win7Debug|Win32
		{151E645B-ECF9-40AB-9422-3669ECDC80B8}.Win7Release|Mixed Platforms.ActiveCfg = Win7Release|Win32
		{151E645B-ECF9-40AB-9422-3669ECDC80B8}.Win7Release|Mixed Platforms.Build.0 = Win7Release|Win32
		{151E645B-ECF9-40AB-9422-3669ECDC80B8}.Win7Release|Mixed Platforms.Deploy.0 = Win7Release|Win32
		{151E645B-ECF9-40AB-9422-3669ECDC80B8}.Win7Release|Win32.ActiveCfg = Win7Release|Win32
		{151E645B-ECF9-40AB-9422-3669ECDC80B8}.Win7Release|Win32.Build.0 = Win7Release|Win32
		{151E645B-ECF9-40AB-9422-3669ECDC80B8}.Win7Release|Win32.Deploy.0 = Win7Release|Win32
		{151E645B-ECF9-40AB-9422-3669ECDC80B8}.Win7Release|x64.ActiveCfg = Win7Release|x64
		{151E645B-ECF9-40AB-9422-3669ECDC80B8}.Win7Release|x64.Build.0 = Win7Release|x64
		{151E645B-ECF9-40AB-9422-3669ECDC80B8}.Win7Release|x64.Deploy.0 = Win7Release|x64
		{151E645B-ECF9-40AB-9422-3669ECDC80B8}.Win7Release|x86.ActiveCfg = Win7Release|Win32
		{151E645B-ECF9-40AB-9422-3669ECDC80B8}.Win7Release|x86.Build.0 = Win7Release|Win32
		{151E645B-ECF9-40AB-9422-3669ECDC80B8}.Win7Release|x86.Deploy.0 = Win7Release|Win32
		{151E645B-ECF9-40AB-9422-3669ECDC80B8}.Win8.1Debug|Mixed Platforms.ActiveCfg = Win8.1Debug|Win32
		{151E645B-ECF9-40AB-9422-3669ECDC80B8}.Win8.1Debug|Mixed Platforms.Build.0 = Win8.1Debug|Win32
		{151E645B-ECF9-40AB-9422-3669ECDC80B8}.Win8.1Debug|Mixed Platforms.Deploy.0 = Win8.1Debug|Win32
		{151E645B-ECF9-40AB-9422-3669ECDC80B8}.Win8.1Debug|Win32.ActiveCfg = Win8.1Debug|Win32
		{151E645B-ECF9-40AB-9422-3669ECDC80B8}.Win8.1Debug|Win32.Build.0 = Win8.1Debug|Win32
		{151E645B-ECF9-40AB-9422-3669ECDC80B8}.Win8.1Debug|Win32.Deploy.0 = Win8.1Debug|Win32
		{151E645B-ECF9-40AB-9422-3669ECDC80B8}.Win8.1Debug|x64.ActiveCfg = Win8.1Debug|x64
		{151E645B-ECF9-40AB-9422-3669ECDC80B8}.Win8.1Debug|x64.Build.0 = Win8.1Debug|x64
		{151E645B-ECF9-40AB-9422-3669ECDC80B8}.Win8.1Debug|x64.Deploy.0 = Win8.1Debug|x64
		{151E645B-ECF9-40AB-9422-3669ECDC80B8}.Win8.1Debug|x86.ActiveCfg = Win8.1Debug|Win32
		{151E645B-ECF9-40AB-9422-3669ECDC80B8}.Win8.1Debug|x86.Build.0 = Win8.1Debug|Win32
		{151E645B-ECF9-40AB-9422-3669ECDC80B8}.Win8.1Debug|x86.Deploy.0 = Win8.1Debug|Win32
		{151E645B-ECF9-40AB-9422-3669ECDC80B8}.Win8.1Release|Mixed Platforms.ActiveCfg = Win8.1Release|Win32
		{151E645B-ECF9-40AB-9422-3669ECDC80B8}.Win8.1Release|Mixed Platforms.Build.0 = Win8.1Release|Win32
		{151E645B-ECF9-40AB-9422-3669ECDC80B8}.Win8.1Release|Mixed Platforms.Deploy.0 = Win8.1Release|Win32
		{151E645B-ECF9-40AB-9422-3669ECDC80B8}.Win8.1Release|Win32.ActiveCfg = Win8.1Release|Win32
		{151E645B-ECF9-40AB-9422-3669ECDC80B8}.Win8.1Release|Win32.Build.0 = Win8.1Release|Win32
		{151E645B-ECF9-40AB-9422-3669ECDC80B8}.Win8.1Release|Win32.Deploy.0 = Win8.1Release|Win32
		{151E645B-ECF9-40AB-9422-3669ECDC80B8}.Win8.1Release|x64.ActiveCfg = Win8.1Release|x64
		{151E645B-ECF9-40AB-9422-3669ECDC80B8}.Win8.1Release|x64.Build.0 = Win8.1Release|x64
		{151E645B-ECF9-40AB-9422-3669ECDC80B8}.Win8.1Release|x64.Deploy.0 = Win8.1Release|x64
		{151E645B-ECF9-40AB-9422-3669ECDC80B8}.Win8.1Release|x86.ActiveCfg = Win8.1Release|Win32
		{151E645B-ECF9-40AB-9422-3669ECDC80B8}.Win8.1Release|x86.Build.0 = Win8.1Release|Win32
		{151E645B-ECF9-40AB-9422-3669ECDC80B8}.Win8.1Release|x86.Deploy.0 = Win8.1Release|Win32
		{151E645B-ECF9-40AB-9422-3669ECDC80B8}.Win8Debug|Mixed Platforms.ActiveCfg = Win8Debug|Win32
		{151E645B-ECF9-40AB-9422-3669ECDC80B8}.Win8Debug|Mixed Platforms.Build.0 = Win8Debug|Win32
		{151E645B-ECF9-40AB-9422-3669ECDC80B8}.Win8Debug|Mixed Platforms.Deploy.0 = Win8Debug|Win32
		{151E645B-ECF9-40AB-9422-3669ECDC80B8}.Win8Debug|Win32.ActiveCfg = Win8Debug|Win32
		{151E645B-ECF9-40AB-9422-3669ECDC80B8}.Win8Debug|Win32.Build.0 = Win8Debug|Win32
		{151E645B-ECF9-40AB-9422-3669ECDC80B8}.Win8Debug|Win32.Deploy.0 = Win8Debug|Win32
		{151E645B-ECF9-40AB-9422-3669ECDC80B8}.Win8Debug|x64.ActiveCfg = Win8Debug|x64
		{151E645B-ECF9-40AB-9422-3669ECDC80B8}.Win8Debug|x64.Build.0 = Win8Debug|x64
		{151E645B-ECF9-40AB-9422-3669ECDC80B8}.Win8Debug|x64.Deploy.0 = Win8Debug|x64
		{151E645B-ECF9-40AB-9422-3669ECDC80B8}.Win8Debug|x86.ActiveCfg = Win8Debug|Win32
		{151E645B-ECF9-40AB-9422-3669ECDC80B8}.Win8Debug|x86.Build.0 = Win8Debug|Win32
		{151E645B-ECF9-40AB-9422-3669ECDC80B8}.Win8Debug|x86.Deploy.0 = Win8Debug|Win32
		{151E645B-ECF9-40AB-9422-3669ECDC80B8}.Win8Release|Mixed Platforms.ActiveCfg = Win8Release|Win32
		{151E645B-ECF9-40AB-9422-3669ECDC80B8}.Win8Release|Mixed Platforms.Build.0 = Win8Release|Win32
		{151E645B-ECF9-40AB-9422-3669ECDC80B8}.Win8Release|Mixed Platforms.Deploy.0 = Win8Release|Win32
		{151E645B-ECF9-40AB-9422-3669ECDC80B8}.Win8Release|Win32.ActiveCfg = Win8Release|Win32
		{151E645B-ECF9-40AB-9422-3669ECDC80B8}.Win8Release|Win32.Build.0 = Win8Release|Win32
		{151E645B-ECF9-40AB-9422-3669ECDC80B8}.Win8Release|Win32.Deploy.0 = Win8Release|Win32
		{151E645B-ECF9-40AB-9422-3669ECDC80B8}.Win8Release|x64.ActiveCfg = Win8Release|x64
		{151E645B-ECF9-40AB-9422-3669ECDC80B8}.Win8Release|x64.Build.0 = Win8Release|x64
		{151E645B-ECF9-40AB-9422-3669ECDC80B8}.Win8Release|x64.Deploy.0 = Win8Release|x64
		{151E645B-ECF9-40AB-9422-3669ECDC80B8}.Win8Release|x86.ActiveCfg = Win8Release|Win32
		{151E645B-ECF9-40AB-9422-3669ECDC80B8}.Win8Release|x86.Build.0 = Win8Release|Win32
		{151E645B-ECF9-40AB-9422-3669ECDC80B8}.Win8Release|x86.Deploy.0 = Win8Release|Win32
		{2BC755F4-535C-4E34-8386-C00F304FBFA4}.Win7Debug|Mixed Platforms.ActiveCfg = Win7Debug|x86
		{2BC755F4-535C-4E34-8386-C00F304FBFA4}.Win7Debug|Mixed Platforms.Build.0 = Win7Debug|x86
		{2BC755F4-535C-4E34-8386-C00F304FBFA4}.Win7Debug|Win32.ActiveCfg = Win7Debug|x86
		{2BC755F4-535C-4E34-8386-C00F304FBFA4}.Win7Debug|Win32.Build.0 = Win7Debug|x86
		{2BC755F4-535C-4E34-8386-C00F304FBFA4}.Win7Debug|x64.ActiveCfg = Win7Debug|x86
		{2BC755F4-535C-4E34-8386-C00F304FBFA4}.Win7Debug|x86.ActiveCfg = Win7Debug|x86
		{2BC755F4-535C-4E34-8386-C00F304FBFA4}.Win7Debug|x86.Build.0 = Win7Debug|x86
		{2BC755F4-535C-4E34-8386-C00F304FBFA4}.Win7Release|Mixed Platforms.ActiveCfg = Win7Release|x86
		{2BC755F4-535C-4E34-8386-C00F304FBFA4}.Win7Release|Mixed Platforms.Build.0 = Win7Release|x86
		{2BC755F4-535C-4E34-8386-C00F304FBFA4}.Win7Release|Win32.ActiveCfg = Win7Release|x86
		{2BC755F4-535C-4E34-8386-C00F304FBFA4}.Win7Release|Win32.Build.0 = Win7Release|x86
		{2BC755F4-535C-4E34-8386-C00F304FBFA4}.Win7Release|x64.ActiveCfg = Win7Release|x86
		{2BC755F4-535C-4E34-8386-C00F304FBFA4}.Win7Release|x86.ActiveCfg = Win7Release|x86
		{2BC755F4-535C-4E34-8386-C00F304FBFA4}.Win7Release|x86.Build.0 = Win7Release|x86
		{2BC755F4-535C-4E34-8386-C00F304FBFA4}.Win8.1Debug|Mixed Platforms.ActiveCfg = Win7Release|x86
		{2BC755F4-535C-4E34-8386-C00F304FBFA4}.Win8.1Debug|Mixed Platforms.Build.0 = Win7Release|x86
		{2BC755F4-535C-4E34-8386-C00F304FBFA4}.Win8.1Debug|Win32.ActiveCfg = Win7Release|x86
		{2BC755F4-535C-4E34-8386-C00F304FBFA4}.Win8.1Debug|Win32.Build.0 = Win7Release|x86
		{2BC755F4-535C-4E34-8386-C00F304FBFA4}.Win8.1Debug|x64.ActiveCfg = Win7Release|x86
		{2BC755F4-535C-4E34-8386-C00F304FBFA4}.Win8.1Debug|x86.ActiveCfg = Win7Release|x86
		{2BC755F4-535C-4E34-8386-C00F304FBFA4}.Win8.1Debug|x86.Build.0 = Win7Release|x86
		{2BC755F4-535C-4E34-8386-C00F304FBFA4}.Win8.1Release|Mixed Platforms.ActiveCfg = Win7Release|x86
		{2BC755F4-535C-4E34-8386-C00F304FBFA4}.Win8.1Release|Mixed Platforms.Build.0 = Win7Release|x86
		{2BC755F4-535C-4E34-8386-C00F304FBFA4}.Win8.1Release|Win32.ActiveCfg = Win7Release|x86
		{2BC755F4-535C-4E34-8386-C00F304FBFA4}.Win8.1Release|Win32.Build.0 = Win7Release|x86
		{2BC755F4-535C-4E34-8386-C00F304FBFA4}.Win8.1Release|x64.ActiveCfg = Win7Release|x86
		{2BC755F4-535C-4E34-8386-C00F304FBFA4}.Win8.1Release|x86.ActiveCfg = Win7Release|x86
		{2BC755F4-535C-4E34-8386-C00F304FBFA4}.Win8.1Release|x86.Build.0 = Win7Release|x86
		{2BC755F4-535C-4E34-8386-C00F304FBFA4}.Win8Debug|Mixed Platforms.ActiveCfg = Win7Release|x86
		{2BC755F4-535C-4E34-8386-C00F304FBFA4}.Win8Debug|Mixed Platforms.Build.0 = Win7Release|x86
		{2BC755F4-535C-4E34-8386-C00F304FBFA4}.Win8Debug|Win32.ActiveCfg = Win7Release|x86
		{2BC755F4-535C-4E34-8386-C00F304FBFA4}.Win8Debug|Win32.Build.0 = Win7Release|x86
		{2BC755F4-535C-4E34-8386-C00F304FBFA4}.Win8Debug|x64.ActiveCfg = Win7Release|x86
		{2BC755F4-535C-4E34-8386-C00F304FBFA4}.Win8Debug|x86.ActiveCfg = Win7Release|x86
		{2BC755F4-535C-4E34-8386-C00F304FBFA4}.Win8Debug|x86.Build.0 = Win7Release|x86
		{2BC755F4-535C-4E34-8386-C00F304FBFA4}.Win8Release|Mixed Platforms.ActiveCfg = Win7Release|x86
		{2BC755F4-535C-4E34-8386-C00F304FBFA4}.Win8Release|Mixed Platforms.Build.0 = Win7Release|x86
		{2BC755F4-535C-4E34-8386-C00F304FBFA4}.Win8Release|Win32.ActiveCfg = Win7Release|x86
		{2BC755F4-535C-4E34-8386-C00F304FBFA4}.Win8Release|Win32.Build.0 = Win7Release|x86
		{2BC755F4-535C-4E34-8386-C00F304FBFA4}.Win8Release|x64.ActiveCfg = Win7Release|x86
		{2BC755F4-535C-4E34-8386-C00F304FBFA4}.Win8Release|x86.ActiveCfg = Win7Release|x86
		{2BC755F4-535C-4E34-8386-C00F304FBFA4}.Win8Release|x86.Build.0 = Win7Release|x86
	EndGlobalSection
	GlobalSection(SolutionProperties) = preSolution
		HideSolutionNode = FALSE
	EndGlobalSection
EndGlobal
